
Microsoft Visual Studio Solution File, Format Version 12.00
# Visual Studio Version 16
VisualStudioVersion = 16.0.30104.148
MinimumVisualStudioVersion = 10.0.40219.1
Project("{FAE04EC0-301F-11D3-BF4B-00C04F79EFBC}") = "eShopSolution", "eShopSolution\eShopSolution.csproj", "{1DE11CE9-3870-4C5E-B07C-8695D972F971}"
EndProject
Project("{2150E333-8FDC-42A3-9474-1A3956D46DE8}") = "Solution Items", "Solution Items", "{39F90B80-4A5E-4B77-A847-91265F868CCA}"
	ProjectSection(SolutionItems) = preProject
		README.md = README.md
	EndProjectSection
EndProject
Global
	GlobalSection(SolutionConfigurationPlatforms) = preSolution
		Debug|Any CPU = Debug|Any CPU
		Release|Any CPU = Release|Any CPU
	EndGlobalSection
	GlobalSection(ProjectConfigurationPlatforms) = postSolution
		{1DE11CE9-3870-4C5E-B07C-8695D972F971}.Debug|Any CPU.ActiveCfg = Debug|Any CPU
		{1DE11CE9-3870-4C5E-B07C-8695D972F971}.Debug|Any CPU.Build.0 = Debug|Any CPU
		{1DE11CE9-3870-4C5E-B07C-8695D972F971}.Release|Any CPU.ActiveCfg = Release|Any CPU
		{1DE11CE9-3870-4C5E-B07C-8695D972F971}.Release|Any CPU.Build.0 = Release|Any CPU
	EndGlobalSection
	GlobalSection(SolutionProperties) = preSolution
		HideSolutionNode = FALSE
	EndGlobalSection
	GlobalSection(ExtensibilityGlobals) = postSolution
		SolutionGuid = {2D62EE53-618C-46CC-AC79-BDC88BBE877F}
	EndGlobalSection
EndGlobal
